<?xml version="1.0" encoding="UTF-8"?>
<CodeBlocks_project_file>
	<FileVersion major="1" minor="6"/>
	<Project>
		<Option title="Chess"/>
		<Option makefile_is_custom="1"/>
		<Option compiler="gcc"/>
		<Option virtualFolders="CMake Files\;"/>
		<Build>
			<Target title="all">
				<Option working_dir="/home/thirstea/Documents/projects/cpp/E2022_Chess"/>
				<Option type="4"/>
				<MakeCommands>
					<Build command="/usr/bin/make -f &quot;/home/thirstea/Documents/projects/cpp/E2022_Chess/Makefile&quot;  VERBOSE=1 all"/>
					<CompileFile command="/usr/bin/make -f &quot;/home/thirstea/Documents/projects/cpp/E2022_Chess/Makefile&quot;  VERBOSE=1 &quot;$file&quot;"/>
					<Clean command="/usr/bin/make -f &quot;/home/thirstea/Documents/projects/cpp/E2022_Chess/Makefile&quot;  VERBOSE=1 clean"/>
					<DistClean command="/usr/bin/make -f &quot;/home/thirstea/Documents/projects/cpp/E2022_Chess/Makefile&quot;  VERBOSE=1 clean"/>
				</MakeCommands>
			</Target>
			<Target title="rebuild_cache">
				<Option working_dir="/home/thirstea/Documents/projects/cpp/E2022_Chess"/>
				<Option type="4"/>
				<MakeCommands>
					<Build command="/usr/bin/make -f &quot;/home/thirstea/Documents/projects/cpp/E2022_Chess/Makefile&quot;  VERBOSE=1 rebuild_cache"/>
					<CompileFile command="/usr/bin/make -f &quot;/home/thirstea/Documents/projects/cpp/E2022_Chess/Makefile&quot;  VERBOSE=1 &quot;$file&quot;"/>
					<Clean command="/usr/bin/make -f &quot;/home/thirstea/Documents/projects/cpp/E2022_Chess/Makefile&quot;  VERBOSE=1 clean"/>
					<DistClean command="/usr/bin/make -f &quot;/home/thirstea/Documents/projects/cpp/E2022_Chess/Makefile&quot;  VERBOSE=1 clean"/>
				</MakeCommands>
			</Target>
			<Target title="best-listener-2022">
				<Option output="/home/thirstea/Documents/projects/cpp/E2022_Chess/libbest-listener-2022.so" prefix_auto="0" extension_auto="0"/>
				<Option working_dir="/home/thirstea/Documents/projects/cpp/E2022_Chess"/>
				<Option object_output="./"/>
				<Option type="3"/>
				<Option compiler="gcc"/>
				<Compiler>
					<Add directory="/home/thirstea/Documents/projects/cpp/E2022_Chess/src/chessengine"/>
					<Add directory="/home/thirstea/Documents/projects/cpp/E2022_Chess/src/ai"/>
					<Add directory="/home/thirstea/Documents/projects/cpp/E2022_Chess/src/listeners"/>
				</Compiler>
				<MakeCommands>
					<Build command="/usr/bin/make -f &quot;/home/thirstea/Documents/projects/cpp/E2022_Chess/Makefile&quot;  VERBOSE=1 best-listener-2022"/>
					<CompileFile command="/usr/bin/make -f &quot;/home/thirstea/Documents/projects/cpp/E2022_Chess/Makefile&quot;  VERBOSE=1 &quot;$file&quot;"/>
					<Clean command="/usr/bin/make -f &quot;/home/thirstea/Documents/projects/cpp/E2022_Chess/Makefile&quot;  VERBOSE=1 clean"/>
					<DistClean command="/usr/bin/make -f &quot;/home/thirstea/Documents/projects/cpp/E2022_Chess/Makefile&quot;  VERBOSE=1 clean"/>
				</MakeCommands>
			</Target>
			<Target title="best-listener-2022/fast">
				<Option output="/home/thirstea/Documents/projects/cpp/E2022_Chess/libbest-listener-2022.so" prefix_auto="0" extension_auto="0"/>
				<Option working_dir="/home/thirstea/Documents/projects/cpp/E2022_Chess"/>
				<Option object_output="./"/>
				<Option type="3"/>
				<Option compiler="gcc"/>
				<Compiler>
					<Add directory="/home/thirstea/Documents/projects/cpp/E2022_Chess/src/chessengine"/>
					<Add directory="/home/thirstea/Documents/projects/cpp/E2022_Chess/src/ai"/>
					<Add directory="/home/thirstea/Documents/projects/cpp/E2022_Chess/src/listeners"/>
				</Compiler>
				<MakeCommands>
					<Build command="/usr/bin/make -f &quot;/home/thirstea/Documents/projects/cpp/E2022_Chess/Makefile&quot;  VERBOSE=1 best-listener-2022/fast"/>
					<CompileFile command="/usr/bin/make -f &quot;/home/thirstea/Documents/projects/cpp/E2022_Chess/Makefile&quot;  VERBOSE=1 &quot;$file&quot;"/>
					<Clean command="/usr/bin/make -f &quot;/home/thirstea/Documents/projects/cpp/E2022_Chess/Makefile&quot;  VERBOSE=1 clean"/>
					<DistClean command="/usr/bin/make -f &quot;/home/thirstea/Documents/projects/cpp/E2022_Chess/Makefile&quot;  VERBOSE=1 clean"/>
				</MakeCommands>
			</Target>
			<Target title="listener">
				<Option working_dir="/home/thirstea/Documents/projects/cpp/E2022_Chess"/>
				<Option type="4"/>
				<MakeCommands>
					<Build command="/usr/bin/make -f &quot;/home/thirstea/Documents/projects/cpp/E2022_Chess/Makefile&quot;  VERBOSE=1 listener"/>
					<CompileFile command="/usr/bin/make -f &quot;/home/thirstea/Documents/projects/cpp/E2022_Chess/Makefile&quot;  VERBOSE=1 &quot;$file&quot;"/>
					<Clean command="/usr/bin/make -f &quot;/home/thirstea/Documents/projects/cpp/E2022_Chess/Makefile&quot;  VERBOSE=1 clean"/>
					<DistClean command="/usr/bin/make -f &quot;/home/thirstea/Documents/projects/cpp/E2022_Chess/Makefile&quot;  VERBOSE=1 clean"/>
				</MakeCommands>
			</Target>
			<Target title="edit_cache">
				<Option working_dir="/home/thirstea/Documents/projects/cpp/E2022_Chess"/>
				<Option type="4"/>
				<MakeCommands>
					<Build command="/usr/bin/make -f &quot;/home/thirstea/Documents/projects/cpp/E2022_Chess/Makefile&quot;  VERBOSE=1 edit_cache"/>
					<CompileFile command="/usr/bin/make -f &quot;/home/thirstea/Documents/projects/cpp/E2022_Chess/Makefile&quot;  VERBOSE=1 &quot;$file&quot;"/>
					<Clean command="/usr/bin/make -f &quot;/home/thirstea/Documents/projects/cpp/E2022_Chess/Makefile&quot;  VERBOSE=1 clean"/>
					<DistClean command="/usr/bin/make -f &quot;/home/thirstea/Documents/projects/cpp/E2022_Chess/Makefile&quot;  VERBOSE=1 clean"/>
				</MakeCommands>
			</Target>
			<Target title="chessengine">
				<Option output="/home/thirstea/Documents/projects/cpp/E2022_Chess/chessengine" prefix_auto="0" extension_auto="0"/>
				<Option working_dir="/home/thirstea/Documents/projects/cpp/E2022_Chess"/>
				<Option object_output="./"/>
				<Option type="1"/>
				<Option compiler="gcc"/>
				<Compiler>
					<Add directory="/home/thirstea/Documents/projects/cpp/E2022_Chess/src/chessengine"/>
					<Add directory="/home/thirstea/Documents/projects/cpp/E2022_Chess/src/ai"/>
					<Add directory="/home/thirstea/Documents/projects/cpp/E2022_Chess/src/listeners"/>
				</Compiler>
				<MakeCommands>
					<Build command="/usr/bin/make -f &quot;/home/thirstea/Documents/projects/cpp/E2022_Chess/Makefile&quot;  VERBOSE=1 chessengine"/>
					<CompileFile command="/usr/bin/make -f &quot;/home/thirstea/Documents/projects/cpp/E2022_Chess/Makefile&quot;  VERBOSE=1 &quot;$file&quot;"/>
					<Clean command="/usr/bin/make -f &quot;/home/thirstea/Documents/projects/cpp/E2022_Chess/Makefile&quot;  VERBOSE=1 clean"/>
					<DistClean command="/usr/bin/make -f &quot;/home/thirstea/Documents/projects/cpp/E2022_Chess/Makefile&quot;  VERBOSE=1 clean"/>
				</MakeCommands>
			</Target>
			<Target title="chessengine/fast">
				<Option output="/home/thirstea/Documents/projects/cpp/E2022_Chess/chessengine" prefix_auto="0" extension_auto="0"/>
				<Option working_dir="/home/thirstea/Documents/projects/cpp/E2022_Chess"/>
				<Option object_output="./"/>
				<Option type="1"/>
				<Option compiler="gcc"/>
				<Compiler>
					<Add directory="/home/thirstea/Documents/projects/cpp/E2022_Chess/src/chessengine"/>
					<Add directory="/home/thirstea/Documents/projects/cpp/E2022_Chess/src/ai"/>
					<Add directory="/home/thirstea/Documents/projects/cpp/E2022_Chess/src/listeners"/>
				</Compiler>
				<MakeCommands>
					<Build command="/usr/bin/make -f &quot;/home/thirstea/Documents/projects/cpp/E2022_Chess/Makefile&quot;  VERBOSE=1 chessengine/fast"/>
					<CompileFile command="/usr/bin/make -f &quot;/home/thirstea/Documents/projects/cpp/E2022_Chess/Makefile&quot;  VERBOSE=1 &quot;$file&quot;"/>
					<Clean command="/usr/bin/make -f &quot;/home/thirstea/Documents/projects/cpp/E2022_Chess/Makefile&quot;  VERBOSE=1 clean"/>
					<DistClean command="/usr/bin/make -f &quot;/home/thirstea/Documents/projects/cpp/E2022_Chess/Makefile&quot;  VERBOSE=1 clean"/>
				</MakeCommands>
			</Target>
		</Build>
		<Unit filename="/home/thirstea/Documents/projects/cpp/E2022_Chess/src/ai/uci.cc">
			<Option target="best-listener-2022"/>
			<Option target="chessengine"/>
		</Unit>
		<Unit filename="/home/thirstea/Documents/projects/cpp/E2022_Chess/src/ai/uci.hh">
			<Option target="best-listener-2022"/>
			<Option target="chessengine"/>
		</Unit>
		<Unit filename="/home/thirstea/Documents/projects/cpp/E2022_Chess/src/best-listener-2022/best-listener-2022.cc">
			<Option target="best-listener-2022"/>
		</Unit>
		<Unit filename="/home/thirstea/Documents/projects/cpp/E2022_Chess/src/best-listener-2022/best-listener-2022.hh">
			<Option target="best-listener-2022"/>
		</Unit>
		<Unit filename="/home/thirstea/Documents/projects/cpp/E2022_Chess/src/chessengine/board/chessboard-interface-impl.cc">
			<Option target="best-listener-2022"/>
			<Option target="chessengine"/>
		</Unit>
		<Unit filename="/home/thirstea/Documents/projects/cpp/E2022_Chess/src/chessengine/board/chessboard-interface-impl.hh">
			<Option target="best-listener-2022"/>
			<Option target="chessengine"/>
		</Unit>
		<Unit filename="/home/thirstea/Documents/projects/cpp/E2022_Chess/src/chessengine/board/chessboard.cc">
			<Option target="best-listener-2022"/>
			<Option target="chessengine"/>
		</Unit>
		<Unit filename="/home/thirstea/Documents/projects/cpp/E2022_Chess/src/chessengine/board/chessboard.hh">
			<Option target="best-listener-2022"/>
			<Option target="chessengine"/>
		</Unit>
		<Unit filename="/home/thirstea/Documents/projects/cpp/E2022_Chess/src/chessengine/board/color.cc">
			<Option target="best-listener-2022"/>
			<Option target="chessengine"/>
		</Unit>
		<Unit filename="/home/thirstea/Documents/projects/cpp/E2022_Chess/src/chessengine/board/color.hh">
			<Option target="best-listener-2022"/>
			<Option target="chessengine"/>
		</Unit>
		<Unit filename="/home/thirstea/Documents/projects/cpp/E2022_Chess/src/chessengine/board/move-builder.cc">
			<Option target="best-listener-2022"/>
			<Option target="chessengine"/>
		</Unit>
		<Unit filename="/home/thirstea/Documents/projects/cpp/E2022_Chess/src/chessengine/board/move-builder.hh">
			<Option target="best-listener-2022"/>
			<Option target="chessengine"/>
		</Unit>
		<Unit filename="/home/thirstea/Documents/projects/cpp/E2022_Chess/src/chessengine/board/move-legality-checker.cc">
			<Option target="best-listener-2022"/>
			<Option target="chessengine"/>
		</Unit>
		<Unit filename="/home/thirstea/Documents/projects/cpp/E2022_Chess/src/chessengine/board/move.cc">
			<Option target="best-listener-2022"/>
			<Option target="chessengine"/>
		</Unit>
		<Unit filename="/home/thirstea/Documents/projects/cpp/E2022_Chess/src/chessengine/board/move.hh">
			<Option target="best-listener-2022"/>
			<Option target="chessengine"/>
		</Unit>
		<Unit filename="/home/thirstea/Documents/projects/cpp/E2022_Chess/src/chessengine/board/piece.cc">
			<Option target="best-listener-2022"/>
			<Option target="chessengine"/>
		</Unit>
		<Unit filename="/home/thirstea/Documents/projects/cpp/E2022_Chess/src/chessengine/board/piece.hh">
			<Option target="best-listener-2022"/>
			<Option target="chessengine"/>
		</Unit>
		<Unit filename="/home/thirstea/Documents/projects/cpp/E2022_Chess/src/chessengine/board/position.cc">
			<Option target="best-listener-2022"/>
			<Option target="chessengine"/>
		</Unit>
		<Unit filename="/home/thirstea/Documents/projects/cpp/E2022_Chess/src/chessengine/board/position.hh">
			<Option target="best-listener-2022"/>
			<Option target="chessengine"/>
		</Unit>
		<Unit filename="/home/thirstea/Documents/projects/cpp/E2022_Chess/src/chessengine/pgn/pgn-exception.cc">
			<Option target="best-listener-2022"/>
			<Option target="chessengine"/>
		</Unit>
		<Unit filename="/home/thirstea/Documents/projects/cpp/E2022_Chess/src/chessengine/pgn/pgn-exception.hh">
			<Option target="best-listener-2022"/>
			<Option target="chessengine"/>
		</Unit>
		<Unit filename="/home/thirstea/Documents/projects/cpp/E2022_Chess/src/chessengine/pgn/pgn-move.cc">
			<Option target="best-listener-2022"/>
			<Option target="chessengine"/>
		</Unit>
		<Unit filename="/home/thirstea/Documents/projects/cpp/E2022_Chess/src/chessengine/pgn/pgn-move.hh">
			<Option target="best-listener-2022"/>
			<Option target="chessengine"/>
		</Unit>
		<Unit filename="/home/thirstea/Documents/projects/cpp/E2022_Chess/src/chessengine/pgn/pgn-parser.cc">
			<Option target="best-listener-2022"/>
			<Option target="chessengine"/>
		</Unit>
		<Unit filename="/home/thirstea/Documents/projects/cpp/E2022_Chess/src/chessengine/pgn/pgn-parser.hh">
			<Option target="best-listener-2022"/>
			<Option target="chessengine"/>
		</Unit>
		<Unit filename="/home/thirstea/Documents/projects/cpp/E2022_Chess/src/listeners/listener-manager.cc">
			<Option target="best-listener-2022"/>
			<Option target="chessengine"/>
		</Unit>
		<Unit filename="/home/thirstea/Documents/projects/cpp/E2022_Chess/src/listeners/listener-manager.hh">
			<Option target="best-listener-2022"/>
			<Option target="chessengine"/>
		</Unit>
		<Unit filename="/home/thirstea/Documents/projects/cpp/E2022_Chess/src/main.cc">
			<Option target="chessengine"/>
		</Unit>
		<Unit filename="/home/thirstea/Documents/projects/cpp/E2022_Chess/CMakeLists.txt">
			<Option virtualFolder="CMake Files\"/>
		</Unit>
	</Project>
</CodeBlocks_project_file>
